// !$*UTF8*$!
{
	archiveVersion = 1;
	classes = {
	};
	objectVersion = 46;
	objects = {

/* Begin PBXBuildFile section */
		09D6FC0C1F3B23F400189A75 /* Dis.storyboard in Resources */ = {isa = PBXBuildFile; fileRef = 09D6FC0E1F3B23F400189A75 /* Dis.storyboard */; };
		09D6FC121F3B244F00189A75 /* DisView.xib in Resources */ = {isa = PBXBuildFile; fileRef = 09D6FC111F3B244F00189A75 /* DisView.xib */; };
		09D6FC1D1F3B298B00189A75 /* me.storyboard in Resources */ = {isa = PBXBuildFile; fileRef = 09D6FC1F1F3B298B00189A75 /* me.storyboard */; };
		09D6FC241F3B299800189A75 /* icon.xib in Resources */ = {isa = PBXBuildFile; fileRef = 09D6FC261F3B299800189A75 /* icon.xib */; };
		09D6FC3F1F3BFEC600189A75 /* View.xib in Resources */ = {isa = PBXBuildFile; fileRef = 09D6FC411F3BFEC600189A75 /* View.xib */; };
		655125551CB6B1B8009D2E17 /* AppDelegate.swift in Sources */ = {isa = PBXBuildFile; fileRef = 655125541CB6B1B8009D2E17 /* AppDelegate.swift */; };
		655125571CB6B1B8009D2E17 /* ViewController.swift in Sources */ = {isa = PBXBuildFile; fileRef = 655125561CB6B1B8009D2E17 /* ViewController.swift */; };
		6551255A1CB6B1B8009D2E17 /* Main.storyboard in Resources */ = {isa = PBXBuildFile; fileRef = 655125581CB6B1B8009D2E17 /* Main.storyboard */; };
		6551255C1CB6B1B8009D2E17 /* Assets.xcassets in Resources */ = {isa = PBXBuildFile; fileRef = 6551255B1CB6B1B8009D2E17 /* Assets.xcassets */; };
		6551255F1CB6B1B8009D2E17 /* LaunchScreen.storyboard in Resources */ = {isa = PBXBuildFile; fileRef = 6551255D1CB6B1B8009D2E17 /* LaunchScreen.storyboard */; };
		655125741CB6B4D2009D2E17 /* View.xib in Resources */ = {isa = PBXBuildFile; fileRef = 655125761CB6B4D2009D2E17 /* View.xib */; };
		D75244461EE10FBE007050E6 /* AutoGenStrings.py in Resources */ = {isa = PBXBuildFile; fileRef = D75244451EE10FBE007050E6 /* AutoGenStrings.py */; };
/* End PBXBuildFile section */

/* Begin PBXFileReference section */
		09D6FC0D1F3B23F400189A75 /* Base */ = {isa = PBXFileReference; lastKnownFileType = file.storyboard; name = Base; path = Base.lproj/Dis.storyboard; sourceTree = "<group>"; };
		09D6FC111F3B244F00189A75 /* DisView.xib */ = {isa = PBXFileReference; fileEncoding = 4; lastKnownFileType = file.xib; path = DisView.xib; sourceTree = "<group>"; };
		09D6FC141F3B24AE00189A75 /* en */ = {isa = PBXFileReference; lastKnownFileType = text.plist.strings; name = en; path = en.lproj/Dis.strings; sourceTree = "<group>"; };
		09D6FC161F3B24B000189A75 /* zh-Hans */ = {isa = PBXFileReference; lastKnownFileType = text.plist.strings; name = "zh-Hans"; path = "zh-Hans.lproj/Dis.strings"; sourceTree = "<group>"; };
		09D6FC1E1F3B298B00189A75 /* Base */ = {isa = PBXFileReference; lastKnownFileType = file.storyboard; name = Base; path = Base.lproj/me.storyboard; sourceTree = "<group>"; };
		09D6FC211F3B299200189A75 /* en */ = {isa = PBXFileReference; lastKnownFileType = text.plist.strings; name = en; path = en.lproj/me.strings; sourceTree = "<group>"; };
		09D6FC231F3B299400189A75 /* zh-Hans */ = {isa = PBXFileReference; lastKnownFileType = text.plist.strings; name = "zh-Hans"; path = "zh-Hans.lproj/me.strings"; sourceTree = "<group>"; };
		09D6FC251F3B299800189A75 /* Base */ = {isa = PBXFileReference; lastKnownFileType = file.xib; name = Base; path = Base.lproj/icon.xib; sourceTree = "<group>"; };
		09D6FC281F3B299B00189A75 /* en */ = {isa = PBXFileReference; lastKnownFileType = text.plist.strings; name = en; path = en.lproj/icon.strings; sourceTree = "<group>"; };
		09D6FC2A1F3B299B00189A75 /* zh-Hans */ = {isa = PBXFileReference; lastKnownFileType = text.plist.strings; name = "zh-Hans"; path = "zh-Hans.lproj/icon.strings"; sourceTree = "<group>"; };
		09D6FC401F3BFEC600189A75 /* Base */ = {isa = PBXFileReference; lastKnownFileType = file.xib; name = Base; path = Base.lproj/View.xib; sourceTree = "<group>"; };
		09D6FC431F3BFEC800189A75 /* en */ = {isa = PBXFileReference; lastKnownFileType = text.plist.strings; name = en; path = en.lproj/View.strings; sourceTree = "<group>"; };
		09D6FC451F3BFEC900189A75 /* zh-Hans */ = {isa = PBXFileReference; lastKnownFileType = text.plist.strings; name = "zh-Hans"; path = "zh-Hans.lproj/View.strings"; sourceTree = "<group>"; };
		655125511CB6B1B8009D2E17 /* AutoLocalization.app */ = {isa = PBXFileReference; explicitFileType = wrapper.application; includeInIndex = 0; path = AutoLocalization.app; sourceTree = BUILT_PRODUCTS_DIR; };
		655125541CB6B1B8009D2E17 /* AppDelegate.swift */ = {isa = PBXFileReference; lastKnownFileType = sourcecode.swift; path = AppDelegate.swift; sourceTree = "<group>"; };
		655125561CB6B1B8009D2E17 /* ViewController.swift */ = {isa = PBXFileReference; lastKnownFileType = sourcecode.swift; path = ViewController.swift; sourceTree = "<group>"; };
		655125591CB6B1B8009D2E17 /* Base */ = {isa = PBXFileReference; lastKnownFileType = file.storyboard; name = Base; path = Base.lproj/Main.storyboard; sourceTree = "<group>"; };
		6551255B1CB6B1B8009D2E17 /* Assets.xcassets */ = {isa = PBXFileReference; lastKnownFileType = folder.assetcatalog; path = Assets.xcassets; sourceTree = "<group>"; };
		6551255E1CB6B1B8009D2E17 /* Base */ = {isa = PBXFileReference; lastKnownFileType = file.storyboard; name = Base; path = Base.lproj/LaunchScreen.storyboard; sourceTree = "<group>"; };
		655125601CB6B1B8009D2E17 /* Info.plist */ = {isa = PBXFileReference; lastKnownFileType = text.plist.xml; path = Info.plist; sourceTree = "<group>"; };
		655125701CB6B4C2009D2E17 /* zh-Hans */ = {isa = PBXFileReference; lastKnownFileType = text.plist.strings; name = "zh-Hans"; path = "zh-Hans.lproj/Main.strings"; sourceTree = "<group>"; };
		655125711CB6B4C2009D2E17 /* zh-Hans */ = {isa = PBXFileReference; lastKnownFileType = text.plist.strings; name = "zh-Hans"; path = "zh-Hans.lproj/LaunchScreen.strings"; sourceTree = "<group>"; };
		655125751CB6B4D2009D2E17 /* Base */ = {isa = PBXFileReference; lastKnownFileType = file.xib; name = Base; path = Base.lproj/View.xib; sourceTree = "<group>"; };
		655125781CB6B4D4009D2E17 /* en */ = {isa = PBXFileReference; lastKnownFileType = text.plist.strings; name = en; path = en.lproj/View.strings; sourceTree = "<group>"; };
		6551257A1CB6B4D5009D2E17 /* zh-Hans */ = {isa = PBXFileReference; lastKnownFileType = text.plist.strings; name = "zh-Hans"; path = "zh-Hans.lproj/View.strings"; sourceTree = "<group>"; };
		6551257C1CB6B4D9009D2E17 /* en */ = {isa = PBXFileReference; lastKnownFileType = text.plist.strings; name = en; path = en.lproj/Main.strings; sourceTree = "<group>"; };
		D75244451EE10FBE007050E6 /* AutoGenStrings.py */ = {isa = PBXFileReference; fileEncoding = 4; lastKnownFileType = text.script.python; path = AutoGenStrings.py; sourceTree = "<group>"; };
/* End PBXFileReference section */

/* Begin PBXFrameworksBuildPhase section */
		6551254E1CB6B1B8009D2E17 /* Frameworks */ = {
			isa = PBXFrameworksBuildPhase;
			buildActionMask = 2147483647;
			files = (
			);
			runOnlyForDeploymentPostprocessing = 0;
		};
/* End PBXFrameworksBuildPhase section */

/* Begin PBXGroup section */
		09D6FBFF1F3B23C600189A75 /* Home */ = {
			isa = PBXGroup;
			children = (
				09D6FC001F3B23C600189A75 /* Discovery */,
			);
			path = Home;
			sourceTree = "<group>";
		};
		09D6FC001F3B23C600189A75 /* Discovery */ = {
			isa = PBXGroup;
			children = (
				09D6FC0E1F3B23F400189A75 /* Dis.storyboard */,
				09D6FC111F3B244F00189A75 /* DisView.xib */,
			);
			path = Discovery;
			sourceTree = "<group>";
		};
		09D6FC171F3B292F00189A75 /* Profile */ = {
			isa = PBXGroup;
			children = (
				09D6FC181F3B292F00189A75 /* Setting */,
			);
			path = Profile;
			sourceTree = "<group>";
		};
		09D6FC181F3B292F00189A75 /* Setting */ = {
			isa = PBXGroup;
			children = (
				09D6FC1F1F3B298B00189A75 /* me.storyboard */,
				09D6FC261F3B299800189A75 /* icon.xib */,
				09D6FC411F3BFEC600189A75 /* View.xib */,
			);
			path = Setting;
			sourceTree = "<group>";
		};
		655125481CB6B1B8009D2E17 = {
			isa = PBXGroup;
			children = (
				655125531CB6B1B8009D2E17 /* AutoLocalization */,
				655125521CB6B1B8009D2E17 /* Products */,
			);
			sourceTree = "<group>";
		};
		655125521CB6B1B8009D2E17 /* Products */ = {
			isa = PBXGroup;
			children = (
				655125511CB6B1B8009D2E17 /* AutoLocalization.app */,
			);
			name = Products;
			sourceTree = "<group>";
		};
		655125531CB6B1B8009D2E17 /* AutoLocalization */ = {
			isa = PBXGroup;
			children = (
				09D6FC171F3B292F00189A75 /* Profile */,
				09D6FBFF1F3B23C600189A75 /* Home */,
				655125661CB6B41A009D2E17 /* RunScript */,
				655125541CB6B1B8009D2E17 /* AppDelegate.swift */,
				655125561CB6B1B8009D2E17 /* ViewController.swift */,
				655125581CB6B1B8009D2E17 /* Main.storyboard */,
				655125761CB6B4D2009D2E17 /* View.xib */,
				6551255B1CB6B1B8009D2E17 /* Assets.xcassets */,
				6551255D1CB6B1B8009D2E17 /* LaunchScreen.storyboard */,
				655125601CB6B1B8009D2E17 /* Info.plist */,
			);
			path = AutoLocalization;
			sourceTree = "<group>";
		};
		655125661CB6B41A009D2E17 /* RunScript */ = {
			isa = PBXGroup;
			children = (
				D75244451EE10FBE007050E6 /* AutoGenStrings.py */,
			);
			path = RunScript;
			sourceTree = "<group>";
		};
/* End PBXGroup section */

/* Begin PBXNativeTarget section */
		655125501CB6B1B8009D2E17 /* AutoLocalization */ = {
			isa = PBXNativeTarget;
			buildConfigurationList = 655125631CB6B1B8009D2E17 /* Build configuration list for PBXNativeTarget "AutoLocalization" */;
			buildPhases = (
				6551254D1CB6B1B8009D2E17 /* Sources */,
				6551254E1CB6B1B8009D2E17 /* Frameworks */,
				6551254F1CB6B1B8009D2E17 /* Resources */,
				6551256E1CB6B46B009D2E17 /* ShellScript */,
			);
			buildRules = (
			);
			dependencies = (
			);
			name = AutoLocalization;
			productName = AutoLocalization;
			productReference = 655125511CB6B1B8009D2E17 /* AutoLocalization.app */;
			productType = "com.apple.product-type.application";
		};
/* End PBXNativeTarget section */

/* Begin PBXProject section */
		655125491CB6B1B8009D2E17 /* Project object */ = {
			isa = PBXProject;
			attributes = {
				LastSwiftUpdateCheck = 0730;
				LastUpgradeCheck = 0730;
				ORGANIZATIONNAME = www.wackosix.cn;
				TargetAttributes = {
					655125501CB6B1B8009D2E17 = {
						CreatedOnToolsVersion = 7.3;
						DevelopmentTeam = J4N8RS9Y8V;
						LastSwiftMigration = 0800;
					};
				};
			};
			buildConfigurationList = 6551254C1CB6B1B8009D2E17 /* Build configuration list for PBXProject "AutoLocalization" */;
			compatibilityVersion = "Xcode 3.2";
			developmentRegion = English;
			hasScannedForEncodings = 0;
			knownRegions = (
				en,
				Base,
				"zh-Hans",
			);
			mainGroup = 655125481CB6B1B8009D2E17;
			productRefGroup = 655125521CB6B1B8009D2E17 /* Products */;
			projectDirPath = "";
			projectRoot = "";
			targets = (
				655125501CB6B1B8009D2E17 /* AutoLocalization */,
			);
		};
/* End PBXProject section */

/* Begin PBXResourcesBuildPhase section */
		6551254F1CB6B1B8009D2E17 /* Resources */ = {
			isa = PBXResourcesBuildPhase;
			buildActionMask = 2147483647;
			files = (
				6551255F1CB6B1B8009D2E17 /* LaunchScreen.storyboard in Resources */,
				6551255C1CB6B1B8009D2E17 /* Assets.xcassets in Resources */,
				655125741CB6B4D2009D2E17 /* View.xib in Resources */,
				09D6FC121F3B244F00189A75 /* DisView.xib in Resources */,
				6551255A1CB6B1B8009D2E17 /* Main.storyboard in Resources */,
				D75244461EE10FBE007050E6 /* AutoGenStrings.py in Resources */,
				09D6FC3F1F3BFEC600189A75 /* View.xib in Resources */,
				09D6FC241F3B299800189A75 /* icon.xib in Resources */,
				09D6FC1D1F3B298B00189A75 /* me.storyboard in Resources */,
				09D6FC0C1F3B23F400189A75 /* Dis.storyboard in Resources */,
			);
			runOnlyForDeploymentPostprocessing = 0;
		};
/* End PBXResourcesBuildPhase section */

/* Begin PBXShellScriptBuildPhase section */
		6551256E1CB6B46B009D2E17 /* ShellScript */ = {
			isa = PBXShellScriptBuildPhase;
			buildActionMask = 8;
			files = (
			);
			inputPaths = (
			);
			outputPaths = (
			);
			runOnlyForDeploymentPostprocessing = 1;
			shellPath = /bin/sh;
			shellScript = "#!/bin/bash\npython ${SRCROOT}/${TARGET_NAME}/RunScript/AutoGenStrings.py ${SRCROOT}/${TARGET_NAME}";
		};
/* End PBXShellScriptBuildPhase section */

/* Begin PBXSourcesBuildPhase section */
		6551254D1CB6B1B8009D2E17 /* Sources */ = {
			isa = PBXSourcesBuildPhase;
			buildActionMask = 2147483647;
			files = (
				655125571CB6B1B8009D2E17 /* ViewController.swift in Sources */,
				655125551CB6B1B8009D2E17 /* AppDelegate.swift in Sources */,
			);
			runOnlyForDeploymentPostprocessing = 0;
		};
/* End PBXSourcesBuildPhase section */

/* Begin PBXVariantGroup section */
		09D6FC0E1F3B23F400189A75 /* Dis.storyboard */ = {
			isa = PBXVariantGroup;
			children = (
				09D6FC0D1F3B23F400189A75 /* Base */,
				09D6FC141F3B24AE00189A75 /* en */,
				09D6FC161F3B24B000189A75 /* zh-Hans */,
			);
			name = Dis.storyboard;
			sourceTree = "<group>";
		};
		09D6FC1F1F3B298B00189A75 /* me.storyboard */ = {
			isa = PBXVariantGroup;
			children = (
				09D6FC1E1F3B298B00189A75 /* Base */,
				09D6FC211F3B299200189A75 /* en */,
				09D6FC231F3B299400189A75 /* zh-Hans */,
			);
			name = me.storyboard;
			sourceTree = "<group>";
		};
		09D6FC261F3B299800189A75 /* icon.xib */ = {
			isa = PBXVariantGroup;
			children = (
				09D6FC251F3B299800189A75 /* Base */,
				09D6FC281F3B299B00189A75 /* en */,
				09D6FC2A1F3B299B00189A75 /* zh-Hans */,
			);
			name = icon.xib;
			sourceTree = "<group>";
		};
		09D6FC411F3BFEC600189A75 /* View.xib */ = {
			isa = PBXVariantGroup;
			children = (
				09D6FC401F3BFEC600189A75 /* Base */,
				09D6FC431F3BFEC800189A75 /* en */,
				09D6FC451F3BFEC900189A75 /* zh-Hans */,
			);
			name = View.xib;
			sourceTree = "<group>";
		};
		655125581CB6B1B8009D2E17 /* Main.storyboard */ = {
			isa = PBXVariantGroup;
			children = (
				655125591CB6B1B8009D2E17 /* Base */,
				655125701CB6B4C2009D2E17 /* zh-Hans */,
				6551257C1CB6B4D9009D2E17 /* en */,
			);
			name = Main.storyboard;
			sourceTree = "<group>";
		};
		6551255D1CB6B1B8009D2E17 /* LaunchScreen.storyboard */ = {
			isa = PBXVariantGroup;
			children = (
				6551255E1CB6B1B8009D2E17 /* Base */,
				655125711CB6B4C2009D2E17 /* zh-Hans */,
			);
			name = LaunchScreen.storyboard;
			sourceTree = "<group>";
		};
		655125761CB6B4D2009D2E17 /* View.xib */ = {
			isa = PBXVariantGroup;
			children = (
				655125751CB6B4D2009D2E17 /* Base */,
				655125781CB6B4D4009D2E17 /* en */,
				6551257A1CB6B4D5009D2E17 /* zh-Hans */,
			);
			name = View.xib;
			sourceTree = "<group>";
		};
/* End PBXVariantGroup section */

/* Begin XCBuildConfiguration section */
		655125611CB6B1B8009D2E17 /* Debug */ = {
			isa = XCBuildConfiguration;
			buildSettings = {
				ALWAYS_SEARCH_USER_PATHS = NO;
				CLANG_ANALYZER_NONNULL = YES;
				CLANG_CXX_LANGUAGE_STANDARD = "gnu++0x";
				CLANG_CXX_LIBRARY = "libc++";
				CLANG_ENABLE_MODULES = YES;
				CLANG_ENABLE_OBJC_ARC = YES;
				CLANG_WARN_BOOL_CONVERSION = YES;
				CLANG_WARN_CONSTANT_CONVERSION = YES;
				CLANG_WARN_DIRECT_OBJC_ISA_USAGE = YES_ERROR;
				CLANG_WARN_EMPTY_BODY = YES;
				CLANG_WARN_ENUM_CONVERSION = YES;
				CLANG_WARN_INT_CONVERSION = YES;
				CLANG_WARN_OBJC_ROOT_CLASS = YES_ERROR;
				CLANG_WARN_UNREACHABLE_CODE = YES;
				CLANG_WARN__DUPLICATE_METHOD_MATCH = YES;
				"CODE_SIGN_IDENTITY[sdk=iphoneos*]" = "iPhone Developer";
				COPY_PHASE_STRIP = NO;
				DEBUG_INFORMATION_FORMAT = dwarf;
				ENABLE_STRICT_OBJC_MSGSEND = YES;
				ENABLE_TESTABILITY = YES;
				GCC_C_LANGUAGE_STANDARD = gnu99;
				GCC_DYNAMIC_NO_PIC = NO;
				GCC_NO_COMMON_BLOCKS = YES;
				GCC_OPTIMIZATION_LEVEL = 0;
				GCC_PREPROCESSOR_DEFINITIONS = (
					"DEBUG=1",
					"$(inherited)",
				);
				GCC_WARN_64_TO_32_BIT_CONVERSION = YES;
				GCC_WARN_ABOUT_RETURN_TYPE = YES_ERROR;
				GCC_WARN_UNDECLARED_SELECTOR = YES;
				GCC_WARN_UNINITIALIZED_AUTOS = YES_AGGRESSIVE;
				GCC_WARN_UNUSED_FUNCTION = YES;
				GCC_WARN_UNUSED_VARIABLE = YES;
				IPHONEOS_DEPLOYMENT_TARGET = 9.3;
				MTL_ENABLE_DEBUG_INFO = YES;
				ONLY_ACTIVE_ARCH = YES;
				SDKROOT = iphoneos;
				SWIFT_OPTIMIZATION_LEVEL = "-Onone";
			};
			name = Debug;
		};
		655125621CB6B1B8009D2E17 /* Release */ = {
			isa = XCBuildConfiguration;
			buildSettings = {
				ALWAYS_SEARCH_USER_PATHS = NO;
				CLANG_ANALYZER_NONNULL = YES;
				CLANG_CXX_LANGUAGE_STANDARD = "gnu++0x";
				CLANG_CXX_LIBRARY = "libc++";
				CLANG_ENABLE_MODULES = YES;
				CLANG_ENABLE_OBJC_ARC = YES;
				CLANG_WARN_BOOL_CONVERSION = YES;
				CLANG_WARN_CONSTANT_CONVERSION = YES;
				CLANG_WARN_DIRECT_OBJC_ISA_USAGE = YES_ERROR;
				CLANG_WARN_EMPTY_BODY = YES;
				CLANG_WARN_ENUM_CONVERSION = YES;
				CLANG_WARN_INT_CONVERSION = YES;
				CLANG_WARN_OBJC_ROOT_CLASS = YES_ERROR;
				CLANG_WARN_UNREACHABLE_CODE = YES;
				CLANG_WARN__DUPLICATE_METHOD_MATCH = YES;
				"CODE_SIGN_IDENTITY[sdk=iphoneos*]" = "iPhone Developer";
				COPY_PHASE_STRIP = NO;
				DEBUG_INFORMATION_FORMAT = "dwarf-with-dsym";
				ENABLE_NS_ASSERTIONS = NO;
				ENABLE_STRICT_OBJC_MSGSEND = YES;
				GCC_C_LANGUAGE_STANDARD = gnu99;
				GCC_NO_COMMON_BLOCKS = YES;
				GCC_WARN_64_TO_32_BIT_CONVERSION = YES;
				GCC_WARN_ABOUT_RETURN_TYPE = YES_ERROR;
				GCC_WARN_UNDECLARED_SELECTOR = YES;
				GCC_WARN_UNINITIALIZED_AUTOS = YES_AGGRESSIVE;
				GCC_WARN_UNUSED_FUNCTION = YES;
				GCC_WARN_UNUSED_VARIABLE = YES;
				IPHONEOS_DEPLOYMENT_TARGET = 9.3;
				MTL_ENABLE_DEBUG_INFO = NO;
				SDKROOT = iphoneos;
				VALIDATE_PRODUCT = YES;
			};
			name = Release;
		};
		655125641CB6B1B8009D2E17 /* Debug */ = {
			isa = XCBuildConfiguration;
			buildSettings = {
				ASSETCATALOG_COMPILER_APPICON_NAME = AppIcon;
				DEPLOYMENT_LOCATION = YES;
				DEPLOYMENT_POSTPROCESSING = YES;
				DEVELOPMENT_TEAM = J4N8RS9Y8V;
				INFOPLIST_FILE = AutoLocalization/Info.plist;
				LD_RUNPATH_SEARCH_PATHS = "$(inherited) @executable_path/Frameworks";
				PRODUCT_BUNDLE_IDENTIFIER = cc.onezens.AutoLocalization;
				PRODUCT_NAME = "$(TARGET_NAME)";
				SWIFT_VERSION = 3.0;
			};
			name = Debug;
		};
		655125651CB6B1B8009D2E17 /* Release */ = {
			isa = XCBuildConfiguration;
			buildSettings = {
				ASSETCATALOG_COMPILER_APPICON_NAME = AppIcon;
				DEPLOYMENT_LOCATION = YES;
				DEPLOYMENT_POSTPROCESSING = YES;
				DEVELOPMENT_TEAM = J4N8RS9Y8V;
				INFOPLIST_FILE = AutoLocalization/Info.plist;
				LD_RUNPATH_SEARCH_PATHS = "$(inherited) @executable_path/Frameworks";
				PRODUCT_BUNDLE_IDENTIFIER = cc.onezens.AutoLocalization;
				PRODUCT_NAME = "$(TARGET_NAME)";
				SWIFT_VERSION = 3.0;
			};
			name = Release;
		};
/* End XCBuildConfiguration section */

/* Begin XCConfigurationList section */
		6551254C1CB6B1B8009D2E17 /* Build configuration list for PBXProject "AutoLocalization" */ = {
			isa = XCConfigurationList;
			buildConfigurations = (
				655125611CB6B1B8009D2E17 /* Debug */,
				655125621CB6B1B8009D2E17 /* Release */,
			);
			defaultConfigurationIsVisible = 0;
			defaultConfigurationName = Release;
		};
		655125631CB6B1B8009D2E17 /* Build configuration list for PBXNativeTarget "AutoLocalization" */ = {
			isa = XCConfigurationList;
			buildConfigurations = (
				655125641CB6B1B8009D2E17 /* Debug */,
				655125651CB6B1B8009D2E17 /* Release */,
			);
			defaultConfigurationIsVisible = 0;
			defaultConfigurationName = Release;
		};
/* End XCConfigurationList section */
	};
	rootObject = 655125491CB6B1B8009D2E17 /* Project object */;
}
