// !$*UTF8*$!
{
	archiveVersion = 1;
	classes = {
	};
	objectVersion = 46;
	objects = {

/* Begin PBXBuildFile section */
		655125551CB6B1B8009D2E17 /* AppDelegate.swift in Sources */ = {isa = PBXBuildFile; fileRef = 655125541CB6B1B8009D2E17 /* AppDelegate.swift */; };
		655125571CB6B1B8009D2E17 /* ViewController.swift in Sources */ = {isa = PBXBuildFile; fileRef = 655125561CB6B1B8009D2E17 /* ViewController.swift */; };
		6551255A1CB6B1B8009D2E17 /* Main.storyboard in Resources */ = {isa = PBXBuildFile; fileRef = 655125581CB6B1B8009D2E17 /* Main.storyboard */; };
		6551255C1CB6B1B8009D2E17 /* Assets.xcassets in Resources */ = {isa = PBXBuildFile; fileRef = 6551255B1CB6B1B8009D2E17 /* Assets.xcassets */; };
		6551255F1CB6B1B8009D2E17 /* LaunchScreen.storyboard in Resources */ = {isa = PBXBuildFile; fileRef = 6551255D1CB6B1B8009D2E17 /* LaunchScreen.storyboard */; };
/* End PBXBuildFile section */

/* Begin PBXFileReference section */
		655125511CB6B1B8009D2E17 /* AutoLocalization.app */ = {isa = PBXFileReference; explicitFileType = wrapper.application; includeInIndex = 0; path = AutoLocalization.app; sourceTree = BUILT_PRODUCTS_DIR; };
		655125541CB6B1B8009D2E17 /* AppDelegate.swift */ = {isa = PBXFileReference; lastKnownFileType = sourcecode.swift; path = AppDelegate.swift; sourceTree = "<group>"; };
		655125561CB6B1B8009D2E17 /* ViewController.swift */ = {isa = PBXFileReference; lastKnownFileType = sourcecode.swift; path = ViewController.swift; sourceTree = "<group>"; };
		655125591CB6B1B8009D2E17 /* Base */ = {isa = PBXFileReference; lastKnownFileType = file.storyboard; name = Base; path = Base.lproj/Main.storyboard; sourceTree = "<group>"; };
		6551255B1CB6B1B8009D2E17 /* Assets.xcassets */ = {isa = PBXFileReference; lastKnownFileType = folder.assetcatalog; path = Assets.xcassets; sourceTree = "<group>"; };
		6551255E1CB6B1B8009D2E17 /* Base */ = {isa = PBXFileReference; lastKnownFileType = file.storyboard; name = Base; path = Base.lproj/LaunchScreen.storyboard; sourceTree = "<group>"; };
		655125601CB6B1B8009D2E17 /* Info.plist */ = {isa = PBXFileReference; lastKnownFileType = text.plist.xml; path = Info.plist; sourceTree = "<group>"; };
/* End PBXFileReference section */

/* Begin PBXFrameworksBuildPhase section */
		6551254E1CB6B1B8009D2E17 /* Frameworks */ = {
			isa = PBXFrameworksBuildPhase;
			buildActionMask = 2147483647;
			files = (
			);
			runOnlyForDeploymentPostprocessing = 0;
		};
/* End PBXFrameworksBuildPhase section */

/* Begin PBXGroup section */
		655125481CB6B1B8009D2E17 = {
			isa = PBXGroup;
			children = (
				655125531CB6B1B8009D2E17 /* AutoLocalization */,
				655125521CB6B1B8009D2E17 /* Products */,
			);
			sourceTree = "<group>";
		};
		655125521CB6B1B8009D2E17 /* Products */ = {
			isa = PBXGroup;
			children = (
				655125511CB6B1B8009D2E17 /* AutoLocalization.app */,
			);
			name = Products;
			sourceTree = "<group>";
		};
		655125531CB6B1B8009D2E17 /* AutoLocalization */ = {
			isa = PBXGroup;
			children = (
				655125541CB6B1B8009D2E17 /* AppDelegate.swift */,
				655125561CB6B1B8009D2E17 /* ViewController.swift */,
				655125581CB6B1B8009D2E17 /* Main.storyboard */,
				6551255B1CB6B1B8009D2E17 /* Assets.xcassets */,
				6551255D1CB6B1B8009D2E17 /* LaunchScreen.storyboard */,
				655125601CB6B1B8009D2E17 /* Info.plist */,
			);
			path = AutoLocalization;
			sourceTree = "<group>";
		};
/* End PBXGroup section */

/* Begin PBXNativeTarget section */
		655125501CB6B1B8009D2E17 /* AutoLocalization */ = {
			isa = PBXNativeTarget;
			buildConfigurationList = 655125631CB6B1B8009D2E17 /* Build configuration list for PBXNativeTarget "AutoLocalization" */;
			buildPhases = (
				6551254D1CB6B1B8009D2E17 /* Sources */,
				6551254E1CB6B1B8009D2E17 /* Frameworks */,
				6551254F1CB6B1B8009D2E17 /* Resources */,
			);
			buildRules = (
			);
			dependencies = (
			);
			name = AutoLocalization;
			productName = AutoLocalization;
			productReference = 655125511CB6B1B8009D2E17 /* AutoLocalization.app */;
			productType = "com.apple.product-type.application";
		};
/* End PBXNativeTarget section */

/* Begin PBXProject section */
		655125491CB6B1B8009D2E17 /* Project object */ = {
			isa = PBXProject;
			attributes = {
				LastSwiftUpdateCheck = 0730;
				LastUpgradeCheck = 0730;
				ORGANIZATIONNAME = www.wackosix.cn;
				TargetAttributes = {
					655125501CB6B1B8009D2E17 = {
						CreatedOnToolsVersion = 7.3;
					};
				};
			};
			buildConfigurationList = 6551254C1CB6B1B8009D2E17 /* Build configuration list for PBXProject "AutoLocalization" */;
			compatibilityVersion = "Xcode 3.2";
			developmentRegion = English;
			hasScannedForEncodings = 0;
			knownRegions = (
				en,
				Base,
			);
			mainGroup = 655125481CB6B1B8009D2E17;
			productRefGroup = 655125521CB6B1B8009D2E17 /* Products */;
			projectDirPath = "";
			projectRoot = "";
			targets = (
				655125501CB6B1B8009D2E17 /* AutoLocalization */,
			);
		};
/* End PBXProject section */

/* Begin PBXResourcesBuildPhase section */
		6551254F1CB6B1B8009D2E17 /* Resources */ = {
			isa = PBXResourcesBuildPhase;
			buildActionMask = 2147483647;
			files = (
				6551255F1CB6B1B8009D2E17 /* LaunchScreen.storyboard in Resources */,
				6551255C1CB6B1B8009D2E17 /* Assets.xcassets in Resources */,
				6551255A1CB6B1B8009D2E17 /* Main.storyboard in Resources */,
			);
			runOnlyForDeploymentPostprocessing = 0;
		};
/* End PBXResourcesBuildPhase section */

/* Begin PBXSourcesBuildPhase section */
		6551254D1CB6B1B8009D2E17 /* Sources */ = {
			isa = PBXSourcesBuildPhase;
			buildActionMask = 2147483647;
			files = (
				655125571CB6B1B8009D2E17 /* ViewController.swift in Sources */,
				655125551CB6B1B8009D2E17 /* AppDelegate.swift in Sources */,
			);
			runOnlyForDeploymentPostprocessing = 0;
		};
/* End PBXSourcesBuildPhase section */

/* Begin PBXVariantGroup section */
		655125581CB6B1B8009D2E17 /* Main.storyboard */ = {
			isa = PBXVariantGroup;
			children = (
				655125591CB6B1B8009D2E17 /* Base */,
			);
			name = Main.storyboard;
			sourceTree = "<group>";
		};
		6551255D1CB6B1B8009D2E17 /* LaunchScreen.storyboard */ = {
			isa = PBXVariantGroup;
			children = (
				6551255E1CB6B1B8009D2E17 /* Base */,
			);
			name = LaunchScreen.storyboard;
			sourceTree = "<group>";
		};
/* End PBXVariantGroup section */

/* Begin XCBuildConfiguration section */
		655125611CB6B1B8009D2E17 /* Debug */ = {
			isa = XCBuildConfiguration;
			buildSettings = {
				ALWAYS_SEARCH_USER_PATHS = NO;
				CLANG_ANALYZER_NONNULL = YES;
				CLANG_CXX_LANGUAGE_STANDARD = "gnu++0x";
				CLANG_CXX_LIBRARY = "libc++";
				CLANG_ENABLE_MODULES = YES;
				CLANG_ENABLE_OBJC_ARC = YES;
				CLANG_WARN_BOOL_CONVERSION = YES;
				CLANG_WARN_CONSTANT_CONVERSION = YES;
				CLANG_WARN_DIRECT_OBJC_ISA_USAGE = YES_ERROR;
				CLANG_WARN_EMPTY_BODY = YES;
				CLANG_WARN_ENUM_CONVERSION = YES;
				CLANG_WARN_INT_CONVERSION = YES;
				CLANG_WARN_OBJC_ROOT_CLASS = YES_ERROR;
				CLANG_WARN_UNREACHABLE_CODE = YES;
				CLANG_WARN__DUPLICATE_METHOD_MATCH = YES;
				"CODE_SIGN_IDENTITY[sdk=iphoneos*]" = "iPhone Developer";
				COPY_PHASE_STRIP = NO;
				DEBUG_INFORMATION_FORMAT = dwarf;
				ENABLE_STRICT_OBJC_MSGSEND = YES;
				ENABLE_TESTABILITY = YES;
				GCC_C_LANGUAGE_STANDARD = gnu99;
				GCC_DYNAMIC_NO_PIC = NO;
				GCC_NO_COMMON_BLOCKS = YES;
				GCC_OPTIMIZATION_LEVEL = 0;
				GCC_PREPROCESSOR_DEFINITIONS = (
					"DEBUG=1",
					"$(inherited)",
				);
				GCC_WARN_64_TO_32_BIT_CONVERSION = YES;
				GCC_WARN_ABOUT_RETURN_TYPE = YES_ERROR;
				GCC_WARN_UNDECLARED_SELECTOR = YES;
				GCC_WARN_UNINITIALIZED_AUTOS = YES_AGGRESSIVE;
				GCC_WARN_UNUSED_FUNCTION = YES;
				GCC_WARN_UNUSED_VARIABLE = YES;
				IPHONEOS_DEPLOYMENT_TARGET = 9.3;
				MTL_ENABLE_DEBUG_INFO = YES;
				ONLY_ACTIVE_ARCH = YES;
				SDKROOT = iphoneos;
				SWIFT_OPTIMIZATION_LEVEL = "-Onone";
			};
			name = Debug;
		};
		655125621CB6B1B8009D2E17 /* Release */ = {
			isa = XCBuildConfiguration;
			buildSettings = {
				ALWAYS_SEARCH_USER_PATHS = NO;
				CLANG_ANALYZER_NONNULL = YES;
				CLANG_CXX_LANGUAGE_STANDARD = "gnu++0x";
				CLANG_CXX_LIBRARY = "libc++";
				CLANG_ENABLE_MODULES = YES;
				CLANG_ENABLE_OBJC_ARC = YES;
				CLANG_WARN_BOOL_CONVERSION = YES;
				CLANG_WARN_CONSTANT_CONVERSION = YES;
				CLANG_WARN_DIRECT_OBJC_ISA_USAGE = YES_ERROR;
				CLANG_WARN_EMPTY_BODY = YES;
				CLANG_WARN_ENUM_CONVERSION = YES;
				CLANG_WARN_INT_CONVERSION = YES;
				CLANG_WARN_OBJC_ROOT_CLASS = YES_ERROR;
				CLANG_WARN_UNREACHABLE_CODE = YES;
				CLANG_WARN__DUPLICATE_METHOD_MATCH = YES;
				"CODE_SIGN_IDENTITY[sdk=iphoneos*]" = "iPhone Developer";
				COPY_PHASE_STRIP = NO;
				DEBUG_INFORMATION_FORMAT = "dwarf-with-dsym";
				ENABLE_NS_ASSERTIONS = NO;
				ENABLE_STRICT_OBJC_MSGSEND = YES;
				GCC_C_LANGUAGE_STANDARD = gnu99;
				GCC_NO_COMMON_BLOCKS = YES;
				GCC_WARN_64_TO_32_BIT_CONVERSION = YES;
				GCC_WARN_ABOUT_RETURN_TYPE = YES_ERROR;
				GCC_WARN_UNDECLARED_SELECTOR = YES;
				GCC_WARN_UNINITIALIZED_AUTOS = YES_AGGRESSIVE;
				GCC_WARN_UNUSED_FUNCTION = YES;
				GCC_WARN_UNUSED_VARIABLE = YES;
				IPHONEOS_DEPLOYMENT_TARGET = 9.3;
				MTL_ENABLE_DEBUG_INFO = NO;
				SDKROOT = iphoneos;
				VALIDATE_PRODUCT = YES;
			};
			name = Release;
		};
		655125641CB6B1B8009D2E17 /* Debug */ = {
			isa = XCBuildConfiguration;
			buildSettings = {
				ASSETCATALOG_COMPILER_APPICON_NAME = AppIcon;
				INFOPLIST_FILE = AutoLocalization/Info.plist;
				LD_RUNPATH_SEARCH_PATHS = "$(inherited) @executable_path/Frameworks";
				PRODUCT_BUNDLE_IDENTIFIER = cn.wackosix.AutoLocalization;
				PRODUCT_NAME = "$(TARGET_NAME)";
			};
			name = Debug;
		};
		655125651CB6B1B8009D2E17 /* Release */ = {
			isa = XCBuildConfiguration;
			buildSettings = {
				ASSETCATALOG_COMPILER_APPICON_NAME = AppIcon;
				INFOPLIST_FILE = AutoLocalization/Info.plist;
				LD_RUNPATH_SEARCH_PATHS = "$(inherited) @executable_path/Frameworks";
				PRODUCT_BUNDLE_IDENTIFIER = cn.wackosix.AutoLocalization;
				PRODUCT_NAME = "$(TARGET_NAME)";
			};
			name = Release;
		};
/* End XCBuildConfiguration section */

/* Begin XCConfigurationList section */
		6551254C1CB6B1B8009D2E17 /* Build configuration list for PBXProject "AutoLocalization" */ = {
			isa = XCConfigurationList;
			buildConfigurations = (
				655125611CB6B1B8009D2E17 /* Debug */,
				655125621CB6B1B8009D2E17 /* Release */,
			);
			defaultConfigurationIsVisible = 0;
			defaultConfigurationName = Release;
		};
		655125631CB6B1B8009D2E17 /* Build configuration list for PBXNativeTarget "AutoLocalization" */ = {
			isa = XCConfigurationList;
			buildConfigurations = (
				655125641CB6B1B8009D2E17 /* Debug */,
				655125651CB6B1B8009D2E17 /* Release */,
			);
			defaultConfigurationIsVisible = 0;
		};
/* End XCConfigurationList section */
	};
	rootObject = 655125491CB6B1B8009D2E17 /* Project object */;
}
